// !$*UTF8*$!
{
	archiveVersion = 1;
	classes = {
	};
	objectVersion = 46;
	objects = {

	/* Begin PBXBuildFile section */
		9C2CDC5F1EC06A7B003AFE45 /* RNShareFile.m in Sources */ = {isa = PBXBuildFile; fileRef = 9C2CDC5E1EC06A7B003AFE45 /* RNShareFile.m */; };
	/* End PBXBuildFile section */

	/* Begin PBXCopyFilesBuildPhase section */
		9CAE2A891EC050CD0001FB9F /* CopyFiles */ = {
			isa = PBXCopyFilesBuildPhase;
			buildActionMask = 2147483647;
			dstPath = "include/$(PRODUCT_NAME)";
			dstSubfolderSpec = 16;
			files = (
			);
			runOnlyForDeploymentPostprocessing = 0;
		};
	/* End PBXCopyFilesBuildPhase section */

	/* Begin PBXFileReference section */
		9C2CDC5D1EC06A7B003AFE45 /* RNShareFile.h */ = {isa = PBXFileReference; fileEncoding = 4; lastKnownFileType = sourcecode.c.h; name = RNShareFile.h; path = RNShareFile/RNShareFile.h; sourceTree = SOURCE_ROOT; };
		9C2CDC5E1EC06A7B003AFE45 /* RNShareFile.m */ = {isa = PBXFileReference; fileEncoding = 4; lastKnownFileType = sourcecode.c.objc; name = RNShareFile.m; path = RNShareFile/RNShareFile.m; sourceTree = SOURCE_ROOT; };
		9CAE2A8B1EC050CD0001FB9F /* libRNShareFile.a */ = {isa = PBXFileReference; explicitFileType = archive.ar; includeInIndex = 0; path = libRNShareFile.a; sourceTree = BUILT_PRODUCTS_DIR; };
	/* End PBXFileReference section */

	/* Begin PBXFrameworksBuildPhase section */
		9CAE2A881EC050CD0001FB9F /* Frameworks */ = {
			isa = PBXFrameworksBuildPhase;
			buildActionMask = 2147483647;
			files = (
			);
			runOnlyForDeploymentPostprocessing = 0;
		};
	/* End PBXFrameworksBuildPhase section */

	/* Begin PBXGroup section */
		9CAE2A821EC050CD0001FB9F = {
			isa = PBXGroup;
			children = (
				9CAE2A8D1EC050CD0001FB9F /* RNShareFile */,
				9CAE2A8C1EC050CD0001FB9F /* Products */,
			);
			sourceTree = "<group>";
		};
		9CAE2A8C1EC050CD0001FB9F /* Products */ = {
			isa = PBXGroup;
			children = (
				9CAE2A8B1EC050CD0001FB9F /* libRNShareFile.a */,
			);
			name = Products;
			sourceTree = "<group>";
		};
		9CAE2A8D1EC050CD0001FB9F /* RNShareFile */ = {
			isa = PBXGroup;
			children = (
				9C2CDC5D1EC06A7B003AFE45 /* RNShareFile.h */,
				9C2CDC5E1EC06A7B003AFE45 /* RNShareFile.m */,
			);
			name = RNShareFile;
			path = RNShareFileController;
			sourceTree = "<group>";
		};
	/* End PBXGroup section */

	/* Begin PBXNativeTarget section */
		9CAE2A8A1EC050CD0001FB9F /* RNShareFile */ = {
			isa = PBXNativeTarget;
			buildConfigurationList = 9CAE2A941EC050CD0001FB9F /* Build configuration list for PBXNativeTarget "RNShareFile" */;
			buildPhases = (
				9CAE2A871EC050CD0001FB9F /* Sources */,
				9CAE2A881EC050CD0001FB9F /* Frameworks */,
				9CAE2A891EC050CD0001FB9F /* CopyFiles */,
			);
			buildRules = (
			);
			dependencies = (
			);
			name = RNShareFile;
			productName = RNShareFileController;
			productReference = 9CAE2A8B1EC050CD0001FB9F /* libRNShareFile.a */;
			productType = "com.apple.product-type.library.static";
		};
	/* End PBXNativeTarget section */

	/* Begin PBXProject section */
		9CAE2A831EC050CD0001FB9F /* Project object */ = {
			isa = PBXProject;
			attributes = {
				LastUpgradeCheck = 0830;
				ORGANIZATIONNAME = Liaoyuan;
				TargetAttributes = {
					9CAE2A8A1EC050CD0001FB9F = {
						CreatedOnToolsVersion = 8.3.2;
						DevelopmentTeam = ZWU26SS8JD;
						ProvisioningStyle = Automatic;
					};
				};
			};
			buildConfigurationList = 9CAE2A861EC050CD0001FB9F /* Build configuration list for PBXProject "RNShareFile" */;
			compatibilityVersion = "Xcode 3.2";
			developmentRegion = English;
			hasScannedForEncodings = 0;
			knownRegions = (
				en,
			);
			mainGroup = 9CAE2A821EC050CD0001FB9F;
			productRefGroup = 9CAE2A8C1EC050CD0001FB9F /* Products */;
			projectDirPath = "";
			projectRoot = "";
			targets = (
				9CAE2A8A1EC050CD0001FB9F /* RNShareFile */,
			);
		};
	/* End PBXProject section */

	/* Begin PBXSourcesBuildPhase section */
		9CAE2A871EC050CD0001FB9F /* Sources */ = {
			isa = PBXSourcesBuildPhase;
			buildActionMask = 2147483647;
			files = (
				9C2CDC5F1EC06A7B003AFE45 /* RNShareFile.m in Sources */,
			);
			runOnlyForDeploymentPostprocessing = 0;
		};
	/* End PBXSourcesBuildPhase section */

	/* Begin XCBuildConfiguration section */
		9CAE2A921EC050CD0001FB9F /* Debug */ = {
			isa = XCBuildConfiguration;
			buildSettings = {
				ALWAYS_SEARCH_USER_PATHS = NO;
				CLANG_ANALYZER_NONNULL = YES;
				CLANG_ANALYZER_NUMBER_OBJECT_CONVERSION = YES_AGGRESSIVE;
				CLANG_CXX_LANGUAGE_STANDARD = "gnu++0x";
				CLANG_CXX_LIBRARY = "libc++";
				CLANG_ENABLE_MODULES = YES;
				CLANG_ENABLE_OBJC_ARC = YES;
				CLANG_WARN_BOOL_CONVERSION = YES;
				CLANG_WARN_CONSTANT_CONVERSION = YES;
				CLANG_WARN_DIRECT_OBJC_ISA_USAGE = YES_ERROR;
				CLANG_WARN_DOCUMENTATION_COMMENTS = YES;
				CLANG_WARN_EMPTY_BODY = YES;
				CLANG_WARN_ENUM_CONVERSION = YES;
				CLANG_WARN_INFINITE_RECURSION = YES;
				CLANG_WARN_INT_CONVERSION = YES;
				CLANG_WARN_OBJC_ROOT_CLASS = YES_ERROR;
				CLANG_WARN_SUSPICIOUS_MOVE = YES;
				CLANG_WARN_UNREACHABLE_CODE = YES;
				CLANG_WARN__DUPLICATE_METHOD_MATCH = YES;
				"CODE_SIGN_IDENTITY[sdk=iphoneos*]" = "iPhone Developer";
				COPY_PHASE_STRIP = NO;
				DEBUG_INFORMATION_FORMAT = dwarf;
				ENABLE_STRICT_OBJC_MSGSEND = YES;
				ENABLE_TESTABILITY = YES;
				GCC_C_LANGUAGE_STANDARD = gnu99;
				GCC_DYNAMIC_NO_PIC = NO;
				GCC_NO_COMMON_BLOCKS = YES;
				GCC_OPTIMIZATION_LEVEL = 0;
				GCC_PREPROCESSOR_DEFINITIONS = (
					"DEBUG=1",
					"$(inherited)",
				);
				GCC_WARN_64_TO_32_BIT_CONVERSION = YES;
				GCC_WARN_ABOUT_RETURN_TYPE = YES_ERROR;
				GCC_WARN_UNDECLARED_SELECTOR = YES;
				GCC_WARN_UNINITIALIZED_AUTOS = YES_AGGRESSIVE;
				GCC_WARN_UNUSED_FUNCTION = YES;
				GCC_WARN_UNUSED_VARIABLE = YES;
				IPHONEOS_DEPLOYMENT_TARGET = 10.3;
				MTL_ENABLE_DEBUG_INFO = YES;
				ONLY_ACTIVE_ARCH = YES;
				SDKROOT = iphoneos;
			};
			name = Debug;
		};
		9CAE2A931EC050CD0001FB9F /* Release */ = {
			isa = XCBuildConfiguration;
			buildSettings = {
				ALWAYS_SEARCH_USER_PATHS = NO;
				CLANG_ANALYZER_NONNULL = YES;
				CLANG_ANALYZER_NUMBER_OBJECT_CONVERSION = YES_AGGRESSIVE;
				CLANG_CXX_LANGUAGE_STANDARD = "gnu++0x";
				CLANG_CXX_LIBRARY = "libc++";
				CLANG_ENABLE_MODULES = YES;
				CLANG_ENABLE_OBJC_ARC = YES;
				CLANG_WARN_BOOL_CONVERSION = YES;
				CLANG_WARN_CONSTANT_CONVERSION = YES;
				CLANG_WARN_DIRECT_OBJC_ISA_USAGE = YES_ERROR;
				CLANG_WARN_DOCUMENTATION_COMMENTS = YES;
				CLANG_WARN_EMPTY_BODY = YES;
				CLANG_WARN_ENUM_CONVERSION = YES;
				CLANG_WARN_INFINITE_RECURSION = YES;
				CLANG_WARN_INT_CONVERSION = YES;
				CLANG_WARN_OBJC_ROOT_CLASS = YES_ERROR;
				CLANG_WARN_SUSPICIOUS_MOVE = YES;
				CLANG_WARN_UNREACHABLE_CODE = YES;
				CLANG_WARN__DUPLICATE_METHOD_MATCH = YES;
				"CODE_SIGN_IDENTITY[sdk=iphoneos*]" = "iPhone Developer";
				COPY_PHASE_STRIP = NO;
				DEBUG_INFORMATION_FORMAT = "dwarf-with-dsym";
				ENABLE_NS_ASSERTIONS = NO;
				ENABLE_STRICT_OBJC_MSGSEND = YES;
				GCC_C_LANGUAGE_STANDARD = gnu99;
				GCC_NO_COMMON_BLOCKS = YES;
				GCC_WARN_64_TO_32_BIT_CONVERSION = YES;
				GCC_WARN_ABOUT_RETURN_TYPE = YES_ERROR;
				GCC_WARN_UNDECLARED_SELECTOR = YES;
				GCC_WARN_UNINITIALIZED_AUTOS = YES_AGGRESSIVE;
				GCC_WARN_UNUSED_FUNCTION = YES;
				GCC_WARN_UNUSED_VARIABLE = YES;
				IPHONEOS_DEPLOYMENT_TARGET = 10.3;
				MTL_ENABLE_DEBUG_INFO = NO;
				SDKROOT = iphoneos;
				VALIDATE_PRODUCT = YES;
			};
			name = Release;
		};
		9CAE2A951EC050CD0001FB9F /* Debug */ = {
			isa = XCBuildConfiguration;
			buildSettings = {
				DEVELOPMENT_TEAM = ZWU26SS8JD;
				HEADER_SEARCH_PATHS = (
					"$(SRCROOT)/../../node_modules/react-native/React/**",
					"$(SRCROOT)/../../react-native/React/**/**",
				);
				OTHER_LDFLAGS = "-ObjC";
				PRODUCT_NAME = "$(TARGET_NAME)";
				SKIP_INSTALL = YES;
			};
			name = Debug;
		};
		9CAE2A961EC050CD0001FB9F /* Release */ = {
			isa = XCBuildConfiguration;
			buildSettings = {
				DEVELOPMENT_TEAM = ZWU26SS8JD;
				HEADER_SEARCH_PATHS = (
					"$(SRCROOT)/../../node_modules/react-native/React/**",
					"$(SRCROOT)/../../react-native/React/**/**",
				);
				OTHER_LDFLAGS = "-ObjC";
				PRODUCT_NAME = "$(TARGET_NAME)";
				SKIP_INSTALL = YES;
			};
			name = Release;
		};
	/* End XCBuildConfiguration section */

	/* Begin XCConfigurationList section */
		9CAE2A861EC050CD0001FB9F /* Build configuration list for PBXProject "RNShareFile" */ = {
			isa = XCConfigurationList;
			buildConfigurations = (
				9CAE2A921EC050CD0001FB9F /* Debug */,
				9CAE2A931EC050CD0001FB9F /* Release */,
			);
			defaultConfigurationIsVisible = 0;
			defaultConfigurationName = Release;
		};
		9CAE2A941EC050CD0001FB9F /* Build configuration list for PBXNativeTarget "RNShareFile" */ = {
			isa = XCConfigurationList;
			buildConfigurations = (
				9CAE2A951EC050CD0001FB9F /* Debug */,
				9CAE2A961EC050CD0001FB9F /* Release */,
			);
			defaultConfigurationIsVisible = 0;
			defaultConfigurationName = Release;
		};
	/* End XCConfigurationList section */
	};
	rootObject = 9CAE2A831EC050CD0001FB9F /* Project object */;
}
